
Microsoft Visual Studio Solution File, Format Version 12.00
# Visual Studio Version 17
VisualStudioVersion = 17.11.35208.52
MinimumVisualStudioVersion = 10.0.40219.1
Project("{FAE04EC0-301F-11D3-BF4B-00C04F79EFBC}") = "AuthService", "AuthService.csproj", "{BEE78343-0243-4329-A23B-69BF6E286B7C}"
EndProject
Global
	GlobalSection(SolutionConfigurationPlatforms) = preSolution
		Debug|Any CPU = Debug|Any CPU
		Release|Any CPU = Release|Any CPU
	EndGlobalSection
	GlobalSection(ProjectConfigurationPlatforms) = postSolution
		{BEE78343-0243-4329-A23B-69BF6E286B7C}.Debug|Any CPU.ActiveCfg = Debug|Any CPU
		{BEE78343-0243-4329-A23B-69BF6E286B7C}.Debug|Any CPU.Build.0 = Debug|Any CPU
		{BEE78343-0243-4329-A23B-69BF6E286B7C}.Release|Any CPU.ActiveCfg = Release|Any CPU
		{BEE78343-0243-4329-A23B-69BF6E286B7C}.Release|Any CPU.Build.0 = Release|Any CPU
	EndGlobalSection
	GlobalSection(SolutionProperties) = preSolution
		HideSolutionNode = FALSE
	EndGlobalSection
	GlobalSection(ExtensibilityGlobals) = postSolution
		SolutionGuid = {68370483-C023-4FAA-AB4B-63FFE33060DC}
	EndGlobalSection
EndGlobal
